
Microsoft Visual Studio Solution File, Format Version 12.00
# Visual Studio Version 16
VisualStudioVersion = 16.0.30413.136
MinimumVisualStudioVersion = 10.0.40219.1
Project("{FAE04EC0-301F-11D3-BF4B-00C04F79EFBC}") = "task3.16", "task3.16\task3.16.csproj", "{242A79FF-FD34-4926-9EB1-1730E429BE39}"
EndProject
Global
	GlobalSection(SolutionConfigurationPlatforms) = preSolution
		Debug|Any CPU = Debug|Any CPU
		Release|Any CPU = Release|Any CPU
	EndGlobalSection
	GlobalSection(ProjectConfigurationPlatforms) = postSolution
		{242A79FF-FD34-4926-9EB1-1730E429BE39}.Debug|Any CPU.ActiveCfg = Debug|Any CPU
		{242A79FF-FD34-4926-9EB1-1730E429BE39}.Debug|Any CPU.Build.0 = Debug|Any CPU
		{242A79FF-FD34-4926-9EB1-1730E429BE39}.Release|Any CPU.ActiveCfg = Release|Any CPU
		{242A79FF-FD34-4926-9EB1-1730E429BE39}.Release|Any CPU.Build.0 = Release|Any CPU
	EndGlobalSection
	GlobalSection(SolutionProperties) = preSolution
		HideSolutionNode = FALSE
	EndGlobalSection
	GlobalSection(ExtensibilityGlobals) = postSolution
		SolutionGuid = {7C5CA6C1-6B69-4C9E-B6C2-B334F1974BD1}
	EndGlobalSection
EndGlobal
